
Microsoft Visual Studio Solution File, Format Version 12.00
# Visual Studio Version 17
VisualStudioVersion = 17.3.32804.467
MinimumVisualStudioVersion = 10.0.40219.1
Project("{FAE04EC0-301F-11D3-BF4B-00C04F79EFBC}") = "prob 12", "prob 12\prob 12.csproj", "{69E8F326-5F71-42A4-881D-4F0FD1022DE0}"
EndProject
Global
	GlobalSection(SolutionConfigurationPlatforms) = preSolution
		Debug|Any CPU = Debug|Any CPU
		Release|Any CPU = Release|Any CPU
	EndGlobalSection
	GlobalSection(ProjectConfigurationPlatforms) = postSolution
		{69E8F326-5F71-42A4-881D-4F0FD1022DE0}.Debug|Any CPU.ActiveCfg = Debug|Any CPU
		{69E8F326-5F71-42A4-881D-4F0FD1022DE0}.Debug|Any CPU.Build.0 = Debug|Any CPU
		{69E8F326-5F71-42A4-881D-4F0FD1022DE0}.Release|Any CPU.ActiveCfg = Release|Any CPU
		{69E8F326-5F71-42A4-881D-4F0FD1022DE0}.Release|Any CPU.Build.0 = Release|Any CPU
	EndGlobalSection
	GlobalSection(SolutionProperties) = preSolution
		HideSolutionNode = FALSE
	EndGlobalSection
	GlobalSection(ExtensibilityGlobals) = postSolution
		SolutionGuid = {AA004FCD-4223-45A6-994A-6EBB3B610CD3}
	EndGlobalSection
EndGlobal
